
Microsoft Visual Studio Solution File, Format Version 12.00
# Visual Studio Version 17
VisualStudioVersion = 17.5.2.0
MinimumVisualStudioVersion = 10.0.40219.1
Project("{2150E333-8FDC-42A3-9474-1A3956D46DE8}") = "src", "src", "{827E0CD3-B72D-47B6-A68D-7590B98EB39B}"
EndProject
Project("{2150E333-8FDC-42A3-9474-1A3956D46DE8}") = "tests", "tests", "{0AB3BF05-4346-4AA6-1389-037BE0695223}"
EndProject
Project("{FAE04EC0-301F-11D3-BF4B-00C04F79EFBC}") = "FactoryGame.Api", "src\FactoryGame.Api\FactoryGame.Api.csproj", "{86FD0362-4378-2591-2D04-DBB0E12DEEF3}"
EndProject
Project("{FAE04EC0-301F-11D3-BF4B-00C04F79EFBC}") = "FactoryGame.Contracts", "src\FactoryGame.Contracts\FactoryGame.Contracts.csproj", "{A93F12CA-86FD-E9A9-58B9-EBE0DF4B4F4C}"
EndProject
Project("{FAE04EC0-301F-11D3-BF4B-00C04F79EFBC}") = "FactoryGame.Domain", "src\FactoryGame.Domain\FactoryGame.Domain.csproj", "{D3849EE0-C4C2-FF81-4506-A3E70CCE8BBB}"
EndProject
Project("{FAE04EC0-301F-11D3-BF4B-00C04F79EFBC}") = "FactoryGame.Infrastructure", "src\FactoryGame.Infrastructure\FactoryGame.Infrastructure.csproj", "{4D4D2A3E-1706-4714-4C6B-613B6CBD93A2}"
EndProject
Project("{FAE04EC0-301F-11D3-BF4B-00C04F79EFBC}") = "FactoryGame.Domain.Tests", "tests\FactoryGame.Domain.Tests\FactoryGame.Domain.Tests.csproj", "{C7E3188F-C139-97F2-6A40-8432F04178B4}"
EndProject
Project("{FAE04EC0-301F-11D3-BF4B-00C04F79EFBC}") = "FactoryGame.Web", "src\FactoryGame.Web\FactoryGame.Web.csproj", "{97F4EC4E-496B-4A2D-AA2E-C4D7AD7191DF}"
EndProject
Project("{FAE04EC0-301F-11D3-BF4B-00C04F79EFBC}") = "FactoryGame.Api.Tests", "tests\FactoryGame.Api.Tests\FactoryGame.Api.Tests.csproj", "{82447D54-A8B0-4D57-B53A-3FE5BA9A0119}"
EndProject
Project("{FAE04EC0-301F-11D3-BF4B-00C04F79EFBC}") = "FactoryGame.Web.Tests", "tests\FactoryGame.Web.Tests\FactoryGame.Web.Tests.csproj", "{ECDC1735-93E1-4540-A6D9-BE6C93934840}"
EndProject
Global
	GlobalSection(SolutionConfigurationPlatforms) = preSolution
		Debug|Any CPU = Debug|Any CPU
		Debug|x64 = Debug|x64
		Debug|x86 = Debug|x86
		Release|Any CPU = Release|Any CPU
		Release|x64 = Release|x64
		Release|x86 = Release|x86
	EndGlobalSection
	GlobalSection(ProjectConfigurationPlatforms) = postSolution
		{86FD0362-4378-2591-2D04-DBB0E12DEEF3}.Debug|Any CPU.ActiveCfg = Debug|Any CPU
		{86FD0362-4378-2591-2D04-DBB0E12DEEF3}.Debug|Any CPU.Build.0 = Debug|Any CPU
		{86FD0362-4378-2591-2D04-DBB0E12DEEF3}.Debug|x64.ActiveCfg = Debug|Any CPU
		{86FD0362-4378-2591-2D04-DBB0E12DEEF3}.Debug|x64.Build.0 = Debug|Any CPU
		{86FD0362-4378-2591-2D04-DBB0E12DEEF3}.Debug|x86.ActiveCfg = Debug|Any CPU
		{86FD0362-4378-2591-2D04-DBB0E12DEEF3}.Debug|x86.Build.0 = Debug|Any CPU
		{86FD0362-4378-2591-2D04-DBB0E12DEEF3}.Release|Any CPU.ActiveCfg = Release|Any CPU
		{86FD0362-4378-2591-2D04-DBB0E12DEEF3}.Release|Any CPU.Build.0 = Release|Any CPU
		{86FD0362-4378-2591-2D04-DBB0E12DEEF3}.Release|x64.ActiveCfg = Release|Any CPU
		{86FD0362-4378-2591-2D04-DBB0E12DEEF3}.Release|x64.Build.0 = Release|Any CPU
		{86FD0362-4378-2591-2D04-DBB0E12DEEF3}.Release|x86.ActiveCfg = Release|Any CPU
		{86FD0362-4378-2591-2D04-DBB0E12DEEF3}.Release|x86.Build.0 = Release|Any CPU
		{A93F12CA-86FD-E9A9-58B9-EBE0DF4B4F4C}.Debug|Any CPU.ActiveCfg = Debug|Any CPU
		{A93F12CA-86FD-E9A9-58B9-EBE0DF4B4F4C}.Debug|Any CPU.Build.0 = Debug|Any CPU
		{A93F12CA-86FD-E9A9-58B9-EBE0DF4B4F4C}.Debug|x64.ActiveCfg = Debug|Any CPU
		{A93F12CA-86FD-E9A9-58B9-EBE0DF4B4F4C}.Debug|x64.Build.0 = Debug|Any CPU
		{A93F12CA-86FD-E9A9-58B9-EBE0DF4B4F4C}.Debug|x86.ActiveCfg = Debug|Any CPU
		{A93F12CA-86FD-E9A9-58B9-EBE0DF4B4F4C}.Debug|x86.Build.0 = Debug|Any CPU
		{A93F12CA-86FD-E9A9-58B9-EBE0DF4B4F4C}.Release|Any CPU.ActiveCfg = Release|Any CPU
		{A93F12CA-86FD-E9A9-58B9-EBE0DF4B4F4C}.Release|Any CPU.Build.0 = Release|Any CPU
		{A93F12CA-86FD-E9A9-58B9-EBE0DF4B4F4C}.Release|x64.ActiveCfg = Release|Any CPU
		{A93F12CA-86FD-E9A9-58B9-EBE0DF4B4F4C}.Release|x64.Build.0 = Release|Any CPU
		{A93F12CA-86FD-E9A9-58B9-EBE0DF4B4F4C}.Release|x86.ActiveCfg = Release|Any CPU
		{A93F12CA-86FD-E9A9-58B9-EBE0DF4B4F4C}.Release|x86.Build.0 = Release|Any CPU
		{D3849EE0-C4C2-FF81-4506-A3E70CCE8BBB}.Debug|Any CPU.ActiveCfg = Debug|Any CPU
		{D3849EE0-C4C2-FF81-4506-A3E70CCE8BBB}.Debug|Any CPU.Build.0 = Debug|Any CPU
		{D3849EE0-C4C2-FF81-4506-A3E70CCE8BBB}.Debug|x64.ActiveCfg = Debug|Any CPU
		{D3849EE0-C4C2-FF81-4506-A3E70CCE8BBB}.Debug|x64.Build.0 = Debug|Any CPU
		{D3849EE0-C4C2-FF81-4506-A3E70CCE8BBB}.Debug|x86.ActiveCfg = Debug|Any CPU
		{D3849EE0-C4C2-FF81-4506-A3E70CCE8BBB}.Debug|x86.Build.0 = Debug|Any CPU
		{D3849EE0-C4C2-FF81-4506-A3E70CCE8BBB}.Release|Any CPU.ActiveCfg = Release|Any CPU
		{D3849EE0-C4C2-FF81-4506-A3E70CCE8BBB}.Release|Any CPU.Build.0 = Release|Any CPU
		{D3849EE0-C4C2-FF81-4506-A3E70CCE8BBB}.Release|x64.ActiveCfg = Release|Any CPU
		{D3849EE0-C4C2-FF81-4506-A3E70CCE8BBB}.Release|x64.Build.0 = Release|Any CPU
		{D3849EE0-C4C2-FF81-4506-A3E70CCE8BBB}.Release|x86.ActiveCfg = Release|Any CPU
		{D3849EE0-C4C2-FF81-4506-A3E70CCE8BBB}.Release|x86.Build.0 = Release|Any CPU
		{4D4D2A3E-1706-4714-4C6B-613B6CBD93A2}.Debug|Any CPU.ActiveCfg = Debug|Any CPU
		{4D4D2A3E-1706-4714-4C6B-613B6CBD93A2}.Debug|Any CPU.Build.0 = Debug|Any CPU
		{4D4D2A3E-1706-4714-4C6B-613B6CBD93A2}.Debug|x64.ActiveCfg = Debug|Any CPU
		{4D4D2A3E-1706-4714-4C6B-613B6CBD93A2}.Debug|x64.Build.0 = Debug|Any CPU
		{4D4D2A3E-1706-4714-4C6B-613B6CBD93A2}.Debug|x86.ActiveCfg = Debug|Any CPU
		{4D4D2A3E-1706-4714-4C6B-613B6CBD93A2}.Debug|x86.Build.0 = Debug|Any CPU
		{4D4D2A3E-1706-4714-4C6B-613B6CBD93A2}.Release|Any CPU.ActiveCfg = Release|Any CPU
		{4D4D2A3E-1706-4714-4C6B-613B6CBD93A2}.Release|Any CPU.Build.0 = Release|Any CPU
		{4D4D2A3E-1706-4714-4C6B-613B6CBD93A2}.Release|x64.ActiveCfg = Release|Any CPU
		{4D4D2A3E-1706-4714-4C6B-613B6CBD93A2}.Release|x64.Build.0 = Release|Any CPU
		{4D4D2A3E-1706-4714-4C6B-613B6CBD93A2}.Release|x86.ActiveCfg = Release|Any CPU
		{4D4D2A3E-1706-4714-4C6B-613B6CBD93A2}.Release|x86.Build.0 = Release|Any CPU
		{C7E3188F-C139-97F2-6A40-8432F04178B4}.Debug|Any CPU.ActiveCfg = Debug|Any CPU
		{C7E3188F-C139-97F2-6A40-8432F04178B4}.Debug|Any CPU.Build.0 = Debug|Any CPU
		{C7E3188F-C139-97F2-6A40-8432F04178B4}.Debug|x64.ActiveCfg = Debug|Any CPU
		{C7E3188F-C139-97F2-6A40-8432F04178B4}.Debug|x64.Build.0 = Debug|Any CPU
		{C7E3188F-C139-97F2-6A40-8432F04178B4}.Debug|x86.ActiveCfg = Debug|Any CPU
		{C7E3188F-C139-97F2-6A40-8432F04178B4}.Debug|x86.Build.0 = Debug|Any CPU
		{C7E3188F-C139-97F2-6A40-8432F04178B4}.Release|Any CPU.ActiveCfg = Release|Any CPU
		{C7E3188F-C139-97F2-6A40-8432F04178B4}.Release|Any CPU.Build.0 = Release|Any CPU
		{C7E3188F-C139-97F2-6A40-8432F04178B4}.Release|x64.ActiveCfg = Release|Any CPU
		{C7E3188F-C139-97F2-6A40-8432F04178B4}.Release|x64.Build.0 = Release|Any CPU
		{C7E3188F-C139-97F2-6A40-8432F04178B4}.Release|x86.ActiveCfg = Release|Any CPU
		{C7E3188F-C139-97F2-6A40-8432F04178B4}.Release|x86.Build.0 = Release|Any CPU
		{97F4EC4E-496B-4A2D-AA2E-C4D7AD7191DF}.Debug|Any CPU.ActiveCfg = Debug|Any CPU
		{97F4EC4E-496B-4A2D-AA2E-C4D7AD7191DF}.Debug|Any CPU.Build.0 = Debug|Any CPU
		{97F4EC4E-496B-4A2D-AA2E-C4D7AD7191DF}.Debug|x64.ActiveCfg = Debug|Any CPU
		{97F4EC4E-496B-4A2D-AA2E-C4D7AD7191DF}.Debug|x64.Build.0 = Debug|Any CPU
		{97F4EC4E-496B-4A2D-AA2E-C4D7AD7191DF}.Debug|x86.ActiveCfg = Debug|Any CPU
		{97F4EC4E-496B-4A2D-AA2E-C4D7AD7191DF}.Debug|x86.Build.0 = Debug|Any CPU
		{97F4EC4E-496B-4A2D-AA2E-C4D7AD7191DF}.Release|Any CPU.ActiveCfg = Release|Any CPU
		{97F4EC4E-496B-4A2D-AA2E-C4D7AD7191DF}.Release|Any CPU.Build.0 = Release|Any CPU
		{97F4EC4E-496B-4A2D-AA2E-C4D7AD7191DF}.Release|x64.ActiveCfg = Release|Any CPU
		{97F4EC4E-496B-4A2D-AA2E-C4D7AD7191DF}.Release|x64.Build.0 = Release|Any CPU
		{97F4EC4E-496B-4A2D-AA2E-C4D7AD7191DF}.Release|x86.ActiveCfg = Release|Any CPU
		{97F4EC4E-496B-4A2D-AA2E-C4D7AD7191DF}.Release|x86.Build.0 = Release|Any CPU
		{82447D54-A8B0-4D57-B53A-3FE5BA9A0119}.Debug|Any CPU.ActiveCfg = Debug|Any CPU
		{82447D54-A8B0-4D57-B53A-3FE5BA9A0119}.Debug|Any CPU.Build.0 = Debug|Any CPU
		{82447D54-A8B0-4D57-B53A-3FE5BA9A0119}.Debug|x64.ActiveCfg = Debug|Any CPU
		{82447D54-A8B0-4D57-B53A-3FE5BA9A0119}.Debug|x64.Build.0 = Debug|Any CPU
		{82447D54-A8B0-4D57-B53A-3FE5BA9A0119}.Debug|x86.ActiveCfg = Debug|Any CPU
		{82447D54-A8B0-4D57-B53A-3FE5BA9A0119}.Debug|x86.Build.0 = Debug|Any CPU
		{82447D54-A8B0-4D57-B53A-3FE5BA9A0119}.Release|Any CPU.ActiveCfg = Release|Any CPU
		{82447D54-A8B0-4D57-B53A-3FE5BA9A0119}.Release|Any CPU.Build.0 = Release|Any CPU
		{82447D54-A8B0-4D57-B53A-3FE5BA9A0119}.Release|x64.ActiveCfg = Release|Any CPU
		{82447D54-A8B0-4D57-B53A-3FE5BA9A0119}.Release|x64.Build.0 = Release|Any CPU
		{82447D54-A8B0-4D57-B53A-3FE5BA9A0119}.Release|x86.ActiveCfg = Release|Any CPU
		{82447D54-A8B0-4D57-B53A-3FE5BA9A0119}.Release|x86.Build.0 = Release|Any CPU
		{ECDC1735-93E1-4540-A6D9-BE6C93934840}.Debug|Any CPU.ActiveCfg = Debug|Any CPU
		{ECDC1735-93E1-4540-A6D9-BE6C93934840}.Debug|Any CPU.Build.0 = Debug|Any CPU
		{ECDC1735-93E1-4540-A6D9-BE6C93934840}.Debug|x64.ActiveCfg = Debug|Any CPU
		{ECDC1735-93E1-4540-A6D9-BE6C93934840}.Debug|x64.Build.0 = Debug|Any CPU
		{ECDC1735-93E1-4540-A6D9-BE6C93934840}.Debug|x86.ActiveCfg = Debug|Any CPU
		{ECDC1735-93E1-4540-A6D9-BE6C93934840}.Debug|x86.Build.0 = Debug|Any CPU
		{ECDC1735-93E1-4540-A6D9-BE6C93934840}.Release|Any CPU.ActiveCfg = Release|Any CPU
		{ECDC1735-93E1-4540-A6D9-BE6C93934840}.Release|Any CPU.Build.0 = Release|Any CPU
		{ECDC1735-93E1-4540-A6D9-BE6C93934840}.Release|x64.ActiveCfg = Release|Any CPU
		{ECDC1735-93E1-4540-A6D9-BE6C93934840}.Release|x64.Build.0 = Release|Any CPU
		{ECDC1735-93E1-4540-A6D9-BE6C93934840}.Release|x86.ActiveCfg = Release|Any CPU
		{ECDC1735-93E1-4540-A6D9-BE6C93934840}.Release|x86.Build.0 = Release|Any CPU
	EndGlobalSection
	GlobalSection(SolutionProperties) = preSolution
		HideSolutionNode = FALSE
	EndGlobalSection
	GlobalSection(NestedProjects) = preSolution
		{86FD0362-4378-2591-2D04-DBB0E12DEEF3} = {827E0CD3-B72D-47B6-A68D-7590B98EB39B}
		{A93F12CA-86FD-E9A9-58B9-EBE0DF4B4F4C} = {827E0CD3-B72D-47B6-A68D-7590B98EB39B}
		{D3849EE0-C4C2-FF81-4506-A3E70CCE8BBB} = {827E0CD3-B72D-47B6-A68D-7590B98EB39B}
		{4D4D2A3E-1706-4714-4C6B-613B6CBD93A2} = {827E0CD3-B72D-47B6-A68D-7590B98EB39B}
		{C7E3188F-C139-97F2-6A40-8432F04178B4} = {0AB3BF05-4346-4AA6-1389-037BE0695223}
		{97F4EC4E-496B-4A2D-AA2E-C4D7AD7191DF} = {827E0CD3-B72D-47B6-A68D-7590B98EB39B}
		{82447D54-A8B0-4D57-B53A-3FE5BA9A0119} = {0AB3BF05-4346-4AA6-1389-037BE0695223}
		{ECDC1735-93E1-4540-A6D9-BE6C93934840} = {0AB3BF05-4346-4AA6-1389-037BE0695223}
	EndGlobalSection
	GlobalSection(ExtensibilityGlobals) = postSolution
		SolutionGuid = {E1D218BC-A7F7-4E36-908A-B96DB28B9382}
	EndGlobalSection
EndGlobal
